
Microsoft Visual Studio Solution File, Format Version 12.00
# Visual Studio 15
VisualStudioVersion = 15.0.27703.2047
MinimumVisualStudioVersion = 10.0.40219.1
Project("{FAE04EC0-301F-11D3-BF4B-00C04F79EFBC}") = "IntegrationToGist", "IntegrationToGist\IntegrationToGist.csproj", "{ECE5D865-7F64-4C4D-9487-323B4178318E}"
EndProject
Project("{FAE04EC0-301F-11D3-BF4B-00C04F79EFBC}") = "IntegrationToGist.Tests", "IntegrationToGist.Tests\IntegrationToGist.Tests.csproj", "{1C0BD6F1-F785-45B2-B217-304B8AD3AC64}"
EndProject
Global
	GlobalSection(SolutionConfigurationPlatforms) = preSolution
		Debug|Any CPU = Debug|Any CPU
		Release|Any CPU = Release|Any CPU
	EndGlobalSection
	GlobalSection(ProjectConfigurationPlatforms) = postSolution
		{ECE5D865-7F64-4C4D-9487-323B4178318E}.Debug|Any CPU.ActiveCfg = Debug|Any CPU
		{ECE5D865-7F64-4C4D-9487-323B4178318E}.Debug|Any CPU.Build.0 = Debug|Any CPU
		{ECE5D865-7F64-4C4D-9487-323B4178318E}.Release|Any CPU.ActiveCfg = Release|Any CPU
		{ECE5D865-7F64-4C4D-9487-323B4178318E}.Release|Any CPU.Build.0 = Release|Any CPU
		{1C0BD6F1-F785-45B2-B217-304B8AD3AC64}.Debug|Any CPU.ActiveCfg = Debug|Any CPU
		{1C0BD6F1-F785-45B2-B217-304B8AD3AC64}.Debug|Any CPU.Build.0 = Debug|Any CPU
		{1C0BD6F1-F785-45B2-B217-304B8AD3AC64}.Release|Any CPU.ActiveCfg = Release|Any CPU
		{1C0BD6F1-F785-45B2-B217-304B8AD3AC64}.Release|Any CPU.Build.0 = Release|Any CPU
	EndGlobalSection
	GlobalSection(SolutionProperties) = preSolution
		HideSolutionNode = FALSE
	EndGlobalSection
	GlobalSection(ExtensibilityGlobals) = postSolution
		SolutionGuid = {ED4E5590-17D2-4277-8791-F43A6E6D8797}
	EndGlobalSection
EndGlobal
